
Microsoft Visual Studio Solution File, Format Version 12.00
# Visual Studio 15
VisualStudioVersion = 15.0.28307.572
MinimumVisualStudioVersion = 10.0.40219.1
Project("{2150E333-8FDC-42A3-9474-1A3956D46DE8}") = "01_LanguageBasics", "01_LanguageBasics", "{C0F4041B-5C27-46A8-9A2C-A283496AC27D}"
EndProject
Project("{888888A0-9F3D-457C-B088-3A5042F75D52}") = "PythonBasics", "01_LanguageBasics\PythonBasics\PythonBasics.pyproj", "{7AC0E221-37FC-44FC-820B-BBC5DADCD907}"
EndProject
Project("{8BC9CEB8-8B4A-11D0-8D11-00A0C91BC942}") = "CppBasics", "01_LanguageBasics\CppBasics\CppBasics.vcxproj", "{F785A2C4-0F4A-4463-8210-EDD715AE03CF}"
EndProject
Project("{2150E333-8FDC-42A3-9474-1A3956D46DE8}") = "02_Files", "02_Files", "{FA71ABFF-58A1-4064-ACFE-01AA54593009}"
EndProject
Project("{2150E333-8FDC-42A3-9474-1A3956D46DE8}") = "03_Apps", "03_Apps", "{B98A8BD6-3A47-4891-A832-58E8553BEAAF}"
EndProject
Global
	GlobalSection(SolutionConfigurationPlatforms) = preSolution
		Debug|Any CPU = Debug|Any CPU
		Debug|x64 = Debug|x64
		Debug|x86 = Debug|x86
		Release|Any CPU = Release|Any CPU
		Release|x64 = Release|x64
		Release|x86 = Release|x86
	EndGlobalSection
	GlobalSection(ProjectConfigurationPlatforms) = postSolution
		{7AC0E221-37FC-44FC-820B-BBC5DADCD907}.Debug|Any CPU.ActiveCfg = Debug|Any CPU
		{7AC0E221-37FC-44FC-820B-BBC5DADCD907}.Debug|x64.ActiveCfg = Debug|Any CPU
		{7AC0E221-37FC-44FC-820B-BBC5DADCD907}.Debug|x86.ActiveCfg = Debug|Any CPU
		{7AC0E221-37FC-44FC-820B-BBC5DADCD907}.Release|Any CPU.ActiveCfg = Release|Any CPU
		{7AC0E221-37FC-44FC-820B-BBC5DADCD907}.Release|x64.ActiveCfg = Release|Any CPU
		{7AC0E221-37FC-44FC-820B-BBC5DADCD907}.Release|x86.ActiveCfg = Release|Any CPU
		{F785A2C4-0F4A-4463-8210-EDD715AE03CF}.Debug|Any CPU.ActiveCfg = Debug|Win32
		{F785A2C4-0F4A-4463-8210-EDD715AE03CF}.Debug|x64.ActiveCfg = Debug|x64
		{F785A2C4-0F4A-4463-8210-EDD715AE03CF}.Debug|x64.Build.0 = Debug|x64
		{F785A2C4-0F4A-4463-8210-EDD715AE03CF}.Debug|x86.ActiveCfg = Debug|Win32
		{F785A2C4-0F4A-4463-8210-EDD715AE03CF}.Debug|x86.Build.0 = Debug|Win32
		{F785A2C4-0F4A-4463-8210-EDD715AE03CF}.Release|Any CPU.ActiveCfg = Release|Win32
		{F785A2C4-0F4A-4463-8210-EDD715AE03CF}.Release|x64.ActiveCfg = Release|x64
		{F785A2C4-0F4A-4463-8210-EDD715AE03CF}.Release|x64.Build.0 = Release|x64
		{F785A2C4-0F4A-4463-8210-EDD715AE03CF}.Release|x86.ActiveCfg = Release|Win32
		{F785A2C4-0F4A-4463-8210-EDD715AE03CF}.Release|x86.Build.0 = Release|Win32
	EndGlobalSection
	GlobalSection(SolutionProperties) = preSolution
		HideSolutionNode = FALSE
	EndGlobalSection
	GlobalSection(NestedProjects) = preSolution
		{7AC0E221-37FC-44FC-820B-BBC5DADCD907} = {C0F4041B-5C27-46A8-9A2C-A283496AC27D}
		{F785A2C4-0F4A-4463-8210-EDD715AE03CF} = {C0F4041B-5C27-46A8-9A2C-A283496AC27D}
	EndGlobalSection
	GlobalSection(ExtensibilityGlobals) = postSolution
		SolutionGuid = {2598B17A-8422-455C-B6B2-A0B4AE311308}
	EndGlobalSection
EndGlobal
